
Microsoft Visual Studio Solution File, Format Version 12.00
# Visual Studio 15
VisualStudioVersion = 15.0.33529.398
MinimumVisualStudioVersion = 10.0.40219.1
Project("{FAE04EC0-301F-11D3-BF4B-00C04F79EFBC}") = "MAUIWebAPI", "MAUIWebAPI\MAUIWebAPI.csproj", "{60A43D77-32C8-4FF6-924D-F9B67AD396F8}"
EndProject
Global
	GlobalSection(SolutionConfigurationPlatforms) = preSolution
		Debug|Any CPU = Debug|Any CPU
		Release|Any CPU = Release|Any CPU
	EndGlobalSection
	GlobalSection(ProjectConfigurationPlatforms) = postSolution
		{60A43D77-32C8-4FF6-924D-F9B67AD396F8}.Debug|Any CPU.ActiveCfg = Debug|Any CPU
		{60A43D77-32C8-4FF6-924D-F9B67AD396F8}.Debug|Any CPU.Build.0 = Debug|Any CPU
		{60A43D77-32C8-4FF6-924D-F9B67AD396F8}.Release|Any CPU.ActiveCfg = Release|Any CPU
		{60A43D77-32C8-4FF6-924D-F9B67AD396F8}.Release|Any CPU.Build.0 = Release|Any CPU
	EndGlobalSection
	GlobalSection(SolutionProperties) = preSolution
		HideSolutionNode = FALSE
	EndGlobalSection
	GlobalSection(ExtensibilityGlobals) = postSolution
		SolutionGuid = {211B76F7-D648-427E-8A85-FAE51A8EDFB2}
	EndGlobalSection
EndGlobal
